
Microsoft Visual Studio Solution File, Format Version 12.00
Project("{FAE04EC0-301F-11D3-BF4B-00C04F79EFBC}") = "AdventOfCode22", "AdventOfCode22.csproj", "{C2123606-3821-4814-AFBD-1591519242AE}"
EndProject
Global
	GlobalSection(SolutionConfigurationPlatforms) = preSolution
		Debug|Any CPU = Debug|Any CPU
		Release|Any CPU = Release|Any CPU
	EndGlobalSection
	GlobalSection(ProjectConfigurationPlatforms) = postSolution
		{C2123606-3821-4814-AFBD-1591519242AE}.Debug|Any CPU.ActiveCfg = Debug|Any CPU
		{C2123606-3821-4814-AFBD-1591519242AE}.Debug|Any CPU.Build.0 = Debug|Any CPU
		{C2123606-3821-4814-AFBD-1591519242AE}.Release|Any CPU.ActiveCfg = Release|Any CPU
		{C2123606-3821-4814-AFBD-1591519242AE}.Release|Any CPU.Build.0 = Release|Any CPU
	EndGlobalSection
EndGlobal
